
Microsoft Visual Studio Solution File, Format Version 12.00
# Visual Studio Version 17
VisualStudioVersion = 17.3.32819.101
MinimumVisualStudioVersion = 10.0.40219.1
Project("{2150E333-8FDC-42A3-9474-1A3956D46DE8}") = "Web Apps", "Web Apps", "{55191603-0FCE-466E-88B7-BE0B0710F454}"
EndProject
Project("{2150E333-8FDC-42A3-9474-1A3956D46DE8}") = "Core", "Core", "{E69672D3-126F-40F9-B61F-FAC28EB07387}"
EndProject
Project("{2150E333-8FDC-42A3-9474-1A3956D46DE8}") = "Services", "Services", "{E661D930-CFC7-497B-9488-C40D255FC9D3}"
EndProject
Project("{9A19103F-16F7-4668-BE54-9A1E7A4F7556}") = "POC.Core", "Core\POC.Core\POC.Core.csproj", "{A4D4C10D-4F5C-4443-860E-F5B78C8B8A50}"
EndProject
Project("{9A19103F-16F7-4668-BE54-9A1E7A4F7556}") = "POC.EventBus", "Core\POC.EventBus\POC.EventBus.csproj", "{405D5F00-9AE6-4A9A-B90C-4ED91B6D0402}"
EndProject
Project("{2150E333-8FDC-42A3-9474-1A3956D46DE8}") = "Banking", "Banking", "{442764BC-CF61-4F06-A92F-9E339C0A15D0}"
EndProject
Project("{FAE04EC0-301F-11D3-BF4B-00C04F79EFBC}") = "POC.Banking.API", "Services\Banking\POC.Banking.API\POC.Banking.API.csproj", "{D671D6BA-C46A-4399-8BB1-2AE48D7C0AE0}"
EndProject
Project("{FAE04EC0-301F-11D3-BF4B-00C04F79EFBC}") = "POC.Banking.Core", "Services\Banking\POC.Banking.Core\POC.Banking.Core.csproj", "{780DD5EE-22BE-4E22-B8A4-65494BC035D8}"
EndProject
Project("{FAE04EC0-301F-11D3-BF4B-00C04F79EFBC}") = "POC.Banking.Infrastructure", "Services\Banking\POC.Banking.Infrastructure\POC.Banking.Infrastructure.csproj", "{AB19EB6C-8431-4642-863B-B7A696160D98}"
EndProject
Global
	GlobalSection(SolutionConfigurationPlatforms) = preSolution
		Debug|Any CPU = Debug|Any CPU
		Release|Any CPU = Release|Any CPU
	EndGlobalSection
	GlobalSection(ProjectConfigurationPlatforms) = postSolution
		{A4D4C10D-4F5C-4443-860E-F5B78C8B8A50}.Debug|Any CPU.ActiveCfg = Debug|Any CPU
		{A4D4C10D-4F5C-4443-860E-F5B78C8B8A50}.Debug|Any CPU.Build.0 = Debug|Any CPU
		{A4D4C10D-4F5C-4443-860E-F5B78C8B8A50}.Release|Any CPU.ActiveCfg = Release|Any CPU
		{A4D4C10D-4F5C-4443-860E-F5B78C8B8A50}.Release|Any CPU.Build.0 = Release|Any CPU
		{405D5F00-9AE6-4A9A-B90C-4ED91B6D0402}.Debug|Any CPU.ActiveCfg = Debug|Any CPU
		{405D5F00-9AE6-4A9A-B90C-4ED91B6D0402}.Debug|Any CPU.Build.0 = Debug|Any CPU
		{405D5F00-9AE6-4A9A-B90C-4ED91B6D0402}.Release|Any CPU.ActiveCfg = Release|Any CPU
		{405D5F00-9AE6-4A9A-B90C-4ED91B6D0402}.Release|Any CPU.Build.0 = Release|Any CPU
		{D671D6BA-C46A-4399-8BB1-2AE48D7C0AE0}.Debug|Any CPU.ActiveCfg = Debug|Any CPU
		{D671D6BA-C46A-4399-8BB1-2AE48D7C0AE0}.Debug|Any CPU.Build.0 = Debug|Any CPU
		{D671D6BA-C46A-4399-8BB1-2AE48D7C0AE0}.Release|Any CPU.ActiveCfg = Release|Any CPU
		{D671D6BA-C46A-4399-8BB1-2AE48D7C0AE0}.Release|Any CPU.Build.0 = Release|Any CPU
		{780DD5EE-22BE-4E22-B8A4-65494BC035D8}.Debug|Any CPU.ActiveCfg = Debug|Any CPU
		{780DD5EE-22BE-4E22-B8A4-65494BC035D8}.Debug|Any CPU.Build.0 = Debug|Any CPU
		{780DD5EE-22BE-4E22-B8A4-65494BC035D8}.Release|Any CPU.ActiveCfg = Release|Any CPU
		{780DD5EE-22BE-4E22-B8A4-65494BC035D8}.Release|Any CPU.Build.0 = Release|Any CPU
		{AB19EB6C-8431-4642-863B-B7A696160D98}.Debug|Any CPU.ActiveCfg = Debug|Any CPU
		{AB19EB6C-8431-4642-863B-B7A696160D98}.Debug|Any CPU.Build.0 = Debug|Any CPU
		{AB19EB6C-8431-4642-863B-B7A696160D98}.Release|Any CPU.ActiveCfg = Release|Any CPU
		{AB19EB6C-8431-4642-863B-B7A696160D98}.Release|Any CPU.Build.0 = Release|Any CPU
	EndGlobalSection
	GlobalSection(SolutionProperties) = preSolution
		HideSolutionNode = FALSE
	EndGlobalSection
	GlobalSection(NestedProjects) = preSolution
		{A4D4C10D-4F5C-4443-860E-F5B78C8B8A50} = {E69672D3-126F-40F9-B61F-FAC28EB07387}
		{405D5F00-9AE6-4A9A-B90C-4ED91B6D0402} = {E69672D3-126F-40F9-B61F-FAC28EB07387}
		{442764BC-CF61-4F06-A92F-9E339C0A15D0} = {E661D930-CFC7-497B-9488-C40D255FC9D3}
		{D671D6BA-C46A-4399-8BB1-2AE48D7C0AE0} = {442764BC-CF61-4F06-A92F-9E339C0A15D0}
		{780DD5EE-22BE-4E22-B8A4-65494BC035D8} = {442764BC-CF61-4F06-A92F-9E339C0A15D0}
		{AB19EB6C-8431-4642-863B-B7A696160D98} = {442764BC-CF61-4F06-A92F-9E339C0A15D0}
	EndGlobalSection
	GlobalSection(ExtensibilityGlobals) = postSolution
		SolutionGuid = {0F1A5702-E7CF-47AF-A6E6-847A3F7E4C14}
	EndGlobalSection
EndGlobal
